
Microsoft Visual Studio Solution File, Format Version 12.00
# Visual Studio Version 16
VisualStudioVersion = 16.0.30011.22
MinimumVisualStudioVersion = 10.0.40219.1
Project("{FAE04EC0-301F-11D3-BF4B-00C04F79EFBC}") = "SpotlightSaver", "SpotlightSaver.csproj", "{2DB2ED60-17B0-4CED-9CEE-033814EC87E5}"
EndProject
Global
	GlobalSection(SolutionConfigurationPlatforms) = preSolution
		Debug|Any CPU = Debug|Any CPU
		Release|Any CPU = Release|Any CPU
	EndGlobalSection
	GlobalSection(ProjectConfigurationPlatforms) = postSolution
		{2DB2ED60-17B0-4CED-9CEE-033814EC87E5}.Debug|Any CPU.ActiveCfg = Debug|Any CPU
		{2DB2ED60-17B0-4CED-9CEE-033814EC87E5}.Debug|Any CPU.Build.0 = Debug|Any CPU
		{2DB2ED60-17B0-4CED-9CEE-033814EC87E5}.Release|Any CPU.ActiveCfg = Release|Any CPU
		{2DB2ED60-17B0-4CED-9CEE-033814EC87E5}.Release|Any CPU.Build.0 = Release|Any CPU
	EndGlobalSection
	GlobalSection(SolutionProperties) = preSolution
		HideSolutionNode = FALSE
	EndGlobalSection
	GlobalSection(ExtensibilityGlobals) = postSolution
		SolutionGuid = {2D45F1C3-6A12-4E78-9A74-EE828165D251}
	EndGlobalSection
EndGlobal
